
Microsoft Visual Studio Solution File, Format Version 12.00
# Visual Studio Version 16
VisualStudioVersion = 16.0.30804.86
MinimumVisualStudioVersion = 10.0.40219.1
Project("{888888A0-9F3D-457C-B088-3A5042F75D52}") = "tema8", "tema8\tema8.pyproj", "{6E9E33F7-6F44-4AAB-96C5-8621D2BB3EA7}"
EndProject
Global
	GlobalSection(SolutionConfigurationPlatforms) = preSolution
		Debug|Any CPU = Debug|Any CPU
		Release|Any CPU = Release|Any CPU
	EndGlobalSection
	GlobalSection(ProjectConfigurationPlatforms) = postSolution
		{6E9E33F7-6F44-4AAB-96C5-8621D2BB3EA7}.Debug|Any CPU.ActiveCfg = Debug|Any CPU
		{6E9E33F7-6F44-4AAB-96C5-8621D2BB3EA7}.Release|Any CPU.ActiveCfg = Release|Any CPU
	EndGlobalSection
	GlobalSection(SolutionProperties) = preSolution
		HideSolutionNode = FALSE
	EndGlobalSection
	GlobalSection(ExtensibilityGlobals) = postSolution
		SolutionGuid = {FDB1543E-6E9B-4F47-ACAA-CCF0BE507C9C}
	EndGlobalSection
EndGlobal
